
Microsoft Visual Studio Solution File, Format Version 12.00
# Visual Studio Version 16
VisualStudioVersion = 16.0.31105.61
MinimumVisualStudioVersion = 10.0.40219.1
Project("{FAE04EC0-301F-11D3-BF4B-00C04F79EFBC}") = "Rentadora", "Rentadora\Rentadora.csproj", "{EB9A3862-FB52-49DE-AD1F-AD2C85D4CAE3}"
EndProject
Global
	GlobalSection(SolutionConfigurationPlatforms) = preSolution
		Debug|Any CPU = Debug|Any CPU
		Release|Any CPU = Release|Any CPU
	EndGlobalSection
	GlobalSection(ProjectConfigurationPlatforms) = postSolution
		{EB9A3862-FB52-49DE-AD1F-AD2C85D4CAE3}.Debug|Any CPU.ActiveCfg = Debug|Any CPU
		{EB9A3862-FB52-49DE-AD1F-AD2C85D4CAE3}.Debug|Any CPU.Build.0 = Debug|Any CPU
		{EB9A3862-FB52-49DE-AD1F-AD2C85D4CAE3}.Release|Any CPU.ActiveCfg = Release|Any CPU
		{EB9A3862-FB52-49DE-AD1F-AD2C85D4CAE3}.Release|Any CPU.Build.0 = Release|Any CPU
	EndGlobalSection
	GlobalSection(SolutionProperties) = preSolution
		HideSolutionNode = FALSE
	EndGlobalSection
	GlobalSection(ExtensibilityGlobals) = postSolution
		SolutionGuid = {11C20A46-36D2-4C93-B9A9-C25BA7C26753}
	EndGlobalSection
EndGlobal
